// !$*UTF8*$!
{
	archiveVersion = 1;
	classes = {
	};
	objectVersion = 55;
	objects = {

/* Begin PBXBuildFile section */
		A569AC81273FEF2C00DED8B3 /* ContactListWithSections.swift in Sources */ = {isa = PBXBuildFile; fileRef = A569AC80273FEF2C00DED8B3 /* ContactListWithSections.swift */; };
		A569AC832740152300DED8B3 /* ContactDetail.swift in Sources */ = {isa = PBXBuildFile; fileRef = A569AC822740152300DED8B3 /* ContactDetail.swift */; };
		A569AC852740199400DED8B3 /* ContactRowDetail.swift in Sources */ = {isa = PBXBuildFile; fileRef = A569AC842740199400DED8B3 /* ContactRowDetail.swift */; };
		A58FCB48273D88A400FD01EB /* ContactListSwiftUIApp.swift in Sources */ = {isa = PBXBuildFile; fileRef = A58FCB47273D88A400FD01EB /* ContactListSwiftUIApp.swift */; };
		A58FCB4A273D88A400FD01EB /* ContentView.swift in Sources */ = {isa = PBXBuildFile; fileRef = A58FCB49273D88A400FD01EB /* ContentView.swift */; };
		A58FCB4C273D88A700FD01EB /* Assets.xcassets in Resources */ = {isa = PBXBuildFile; fileRef = A58FCB4B273D88A700FD01EB /* Assets.xcassets */; };
		A58FCB4F273D88A700FD01EB /* Preview Assets.xcassets in Resources */ = {isa = PBXBuildFile; fileRef = A58FCB4E273D88A700FD01EB /* Preview Assets.xcassets */; };
		A58FCB56273D894B00FD01EB /* DataManager.swift in Sources */ = {isa = PBXBuildFile; fileRef = A58FCB55273D894B00FD01EB /* DataManager.swift */; };
		A58FCB58273D897300FD01EB /* Person.swift in Sources */ = {isa = PBXBuildFile; fileRef = A58FCB57273D897300FD01EB /* Person.swift */; };
		A58FCB5C273DADD700FD01EB /* ContactList.swift in Sources */ = {isa = PBXBuildFile; fileRef = A58FCB5B273DADD700FD01EB /* ContactList.swift */; };
		A58FCB5E273DAF1900FD01EB /* ContactRow.swift in Sources */ = {isa = PBXBuildFile; fileRef = A58FCB5D273DAF1900FD01EB /* ContactRow.swift */; };
/* End PBXBuildFile section */

/* Begin PBXFileReference section */
		A569AC80273FEF2C00DED8B3 /* ContactListWithSections.swift */ = {isa = PBXFileReference; lastKnownFileType = sourcecode.swift; path = ContactListWithSections.swift; sourceTree = "<group>"; };
		A569AC822740152300DED8B3 /* ContactDetail.swift */ = {isa = PBXFileReference; lastKnownFileType = sourcecode.swift; path = ContactDetail.swift; sourceTree = "<group>"; };
		A569AC842740199400DED8B3 /* ContactRowDetail.swift */ = {isa = PBXFileReference; lastKnownFileType = sourcecode.swift; path = ContactRowDetail.swift; sourceTree = "<group>"; };
		A58FCB44273D88A400FD01EB /* ContactListSwiftUI.app */ = {isa = PBXFileReference; explicitFileType = wrapper.application; includeInIndex = 0; path = ContactListSwiftUI.app; sourceTree = BUILT_PRODUCTS_DIR; };
		A58FCB47273D88A400FD01EB /* ContactListSwiftUIApp.swift */ = {isa = PBXFileReference; lastKnownFileType = sourcecode.swift; path = ContactListSwiftUIApp.swift; sourceTree = "<group>"; };
		A58FCB49273D88A400FD01EB /* ContentView.swift */ = {isa = PBXFileReference; lastKnownFileType = sourcecode.swift; path = ContentView.swift; sourceTree = "<group>"; };
		A58FCB4B273D88A700FD01EB /* Assets.xcassets */ = {isa = PBXFileReference; lastKnownFileType = folder.assetcatalog; path = Assets.xcassets; sourceTree = "<group>"; };
		A58FCB4E273D88A700FD01EB /* Preview Assets.xcassets */ = {isa = PBXFileReference; lastKnownFileType = folder.assetcatalog; path = "Preview Assets.xcassets"; sourceTree = "<group>"; };
		A58FCB55273D894B00FD01EB /* DataManager.swift */ = {isa = PBXFileReference; fileEncoding = 4; lastKnownFileType = sourcecode.swift; path = DataManager.swift; sourceTree = "<group>"; };
		A58FCB57273D897300FD01EB /* Person.swift */ = {isa = PBXFileReference; fileEncoding = 4; lastKnownFileType = sourcecode.swift; path = Person.swift; sourceTree = "<group>"; };
		A58FCB5B273DADD700FD01EB /* ContactList.swift */ = {isa = PBXFileReference; lastKnownFileType = sourcecode.swift; path = ContactList.swift; sourceTree = "<group>"; };
		A58FCB5D273DAF1900FD01EB /* ContactRow.swift */ = {isa = PBXFileReference; lastKnownFileType = sourcecode.swift; path = ContactRow.swift; sourceTree = "<group>"; };
/* End PBXFileReference section */

/* Begin PBXFrameworksBuildPhase section */
		A58FCB41273D88A400FD01EB /* Frameworks */ = {
			isa = PBXFrameworksBuildPhase;
			buildActionMask = 2147483647;
			files = (
			);
			runOnlyForDeploymentPostprocessing = 0;
		};
/* End PBXFrameworksBuildPhase section */

/* Begin PBXGroup section */
		A58FCB3B273D88A400FD01EB = {
			isa = PBXGroup;
			children = (
				A58FCB46273D88A400FD01EB /* ContactListSwiftUI */,
				A58FCB45273D88A400FD01EB /* Products */,
			);
			sourceTree = "<group>";
		};
		A58FCB45273D88A400FD01EB /* Products */ = {
			isa = PBXGroup;
			children = (
				A58FCB44273D88A400FD01EB /* ContactListSwiftUI.app */,
			);
			name = Products;
			sourceTree = "<group>";
		};
		A58FCB46273D88A400FD01EB /* ContactListSwiftUI */ = {
			isa = PBXGroup;
			children = (
				A58FCB47273D88A400FD01EB /* ContactListSwiftUIApp.swift */,
				A58FCB49273D88A400FD01EB /* ContentView.swift */,
				A58FCB5B273DADD700FD01EB /* ContactList.swift */,
				A569AC80273FEF2C00DED8B3 /* ContactListWithSections.swift */,
				A58FCB5D273DAF1900FD01EB /* ContactRow.swift */,
				A569AC842740199400DED8B3 /* ContactRowDetail.swift */,
				A569AC822740152300DED8B3 /* ContactDetail.swift */,
				A58FCB57273D897300FD01EB /* Person.swift */,
				A58FCB55273D894B00FD01EB /* DataManager.swift */,
				A58FCB4B273D88A700FD01EB /* Assets.xcassets */,
				A58FCB4D273D88A700FD01EB /* Preview Content */,
			);
			path = ContactListSwiftUI;
			sourceTree = "<group>";
		};
		A58FCB4D273D88A700FD01EB /* Preview Content */ = {
			isa = PBXGroup;
			children = (
				A58FCB4E273D88A700FD01EB /* Preview Assets.xcassets */,
			);
			path = "Preview Content";
			sourceTree = "<group>";
		};
/* End PBXGroup section */

/* Begin PBXNativeTarget section */
		A58FCB43273D88A400FD01EB /* ContactListSwiftUI */ = {
			isa = PBXNativeTarget;
			buildConfigurationList = A58FCB52273D88A700FD01EB /* Build configuration list for PBXNativeTarget "ContactListSwiftUI" */;
			buildPhases = (
				A58FCB40273D88A400FD01EB /* Sources */,
				A58FCB41273D88A400FD01EB /* Frameworks */,
				A58FCB42273D88A400FD01EB /* Resources */,
			);
			buildRules = (
			);
			dependencies = (
			);
			name = ContactListSwiftUI;
			productName = ContactListSwiftUI;
			productReference = A58FCB44273D88A400FD01EB /* ContactListSwiftUI.app */;
			productType = "com.apple.product-type.application";
		};
/* End PBXNativeTarget section */

/* Begin PBXProject section */
		A58FCB3C273D88A400FD01EB /* Project object */ = {
			isa = PBXProject;
			attributes = {
				BuildIndependentTargetsInParallel = 1;
				LastSwiftUpdateCheck = 1300;
				LastUpgradeCheck = 1300;
				TargetAttributes = {
					A58FCB43273D88A400FD01EB = {
						CreatedOnToolsVersion = 13.0;
					};
				};
			};
			buildConfigurationList = A58FCB3F273D88A400FD01EB /* Build configuration list for PBXProject "ContactListSwiftUI" */;
			compatibilityVersion = "Xcode 13.0";
			developmentRegion = en;
			hasScannedForEncodings = 0;
			knownRegions = (
				en,
				Base,
			);
			mainGroup = A58FCB3B273D88A400FD01EB;
			productRefGroup = A58FCB45273D88A400FD01EB /* Products */;
			projectDirPath = "";
			projectRoot = "";
			targets = (
				A58FCB43273D88A400FD01EB /* ContactListSwiftUI */,
			);
		};
/* End PBXProject section */

/* Begin PBXResourcesBuildPhase section */
		A58FCB42273D88A400FD01EB /* Resources */ = {
			isa = PBXResourcesBuildPhase;
			buildActionMask = 2147483647;
			files = (
				A58FCB4F273D88A700FD01EB /* Preview Assets.xcassets in Resources */,
				A58FCB4C273D88A700FD01EB /* Assets.xcassets in Resources */,
			);
			runOnlyForDeploymentPostprocessing = 0;
		};
/* End PBXResourcesBuildPhase section */

/* Begin PBXSourcesBuildPhase section */
		A58FCB40273D88A400FD01EB /* Sources */ = {
			isa = PBXSourcesBuildPhase;
			buildActionMask = 2147483647;
			files = (
				A58FCB4A273D88A400FD01EB /* ContentView.swift in Sources */,
				A58FCB56273D894B00FD01EB /* DataManager.swift in Sources */,
				A58FCB58273D897300FD01EB /* Person.swift in Sources */,
				A58FCB48273D88A400FD01EB /* ContactListSwiftUIApp.swift in Sources */,
				A569AC852740199400DED8B3 /* ContactRowDetail.swift in Sources */,
				A569AC81273FEF2C00DED8B3 /* ContactListWithSections.swift in Sources */,
				A569AC832740152300DED8B3 /* ContactDetail.swift in Sources */,
				A58FCB5C273DADD700FD01EB /* ContactList.swift in Sources */,
				A58FCB5E273DAF1900FD01EB /* ContactRow.swift in Sources */,
			);
			runOnlyForDeploymentPostprocessing = 0;
		};
/* End PBXSourcesBuildPhase section */

/* Begin XCBuildConfiguration section */
		A58FCB50273D88A700FD01EB /* Debug */ = {
			isa = XCBuildConfiguration;
			buildSettings = {
				ALWAYS_SEARCH_USER_PATHS = NO;
				CLANG_ANALYZER_NONNULL = YES;
				CLANG_ANALYZER_NUMBER_OBJECT_CONVERSION = YES_AGGRESSIVE;
				CLANG_CXX_LANGUAGE_STANDARD = "gnu++17";
				CLANG_CXX_LIBRARY = "libc++";
				CLANG_ENABLE_MODULES = YES;
				CLANG_ENABLE_OBJC_ARC = YES;
				CLANG_ENABLE_OBJC_WEAK = YES;
				CLANG_WARN_BLOCK_CAPTURE_AUTORELEASING = YES;
				CLANG_WARN_BOOL_CONVERSION = YES;
				CLANG_WARN_COMMA = YES;
				CLANG_WARN_CONSTANT_CONVERSION = YES;
				CLANG_WARN_DEPRECATED_OBJC_IMPLEMENTATIONS = YES;
				CLANG_WARN_DIRECT_OBJC_ISA_USAGE = YES_ERROR;
				CLANG_WARN_DOCUMENTATION_COMMENTS = YES;
				CLANG_WARN_EMPTY_BODY = YES;
				CLANG_WARN_ENUM_CONVERSION = YES;
				CLANG_WARN_INFINITE_RECURSION = YES;
				CLANG_WARN_INT_CONVERSION = YES;
				CLANG_WARN_NON_LITERAL_NULL_CONVERSION = YES;
				CLANG_WARN_OBJC_IMPLICIT_RETAIN_SELF = YES;
				CLANG_WARN_OBJC_LITERAL_CONVERSION = YES;
				CLANG_WARN_OBJC_ROOT_CLASS = YES_ERROR;
				CLANG_WARN_QUOTED_INCLUDE_IN_FRAMEWORK_HEADER = YES;
				CLANG_WARN_RANGE_LOOP_ANALYSIS = YES;
				CLANG_WARN_STRICT_PROTOTYPES = YES;
				CLANG_WARN_SUSPICIOUS_MOVE = YES;
				CLANG_WARN_UNGUARDED_AVAILABILITY = YES_AGGRESSIVE;
				CLANG_WARN_UNREACHABLE_CODE = YES;
				CLANG_WARN__DUPLICATE_METHOD_MATCH = YES;
				COPY_PHASE_STRIP = NO;
				DEBUG_INFORMATION_FORMAT = dwarf;
				ENABLE_STRICT_OBJC_MSGSEND = YES;
				ENABLE_TESTABILITY = YES;
				GCC_C_LANGUAGE_STANDARD = gnu11;
				GCC_DYNAMIC_NO_PIC = NO;
				GCC_NO_COMMON_BLOCKS = YES;
				GCC_OPTIMIZATION_LEVEL = 0;
				GCC_PREPROCESSOR_DEFINITIONS = (
					"DEBUG=1",
					"$(inherited)",
				);
				GCC_WARN_64_TO_32_BIT_CONVERSION = YES;
				GCC_WARN_ABOUT_RETURN_TYPE = YES_ERROR;
				GCC_WARN_UNDECLARED_SELECTOR = YES;
				GCC_WARN_UNINITIALIZED_AUTOS = YES_AGGRESSIVE;
				GCC_WARN_UNUSED_FUNCTION = YES;
				GCC_WARN_UNUSED_VARIABLE = YES;
				IPHONEOS_DEPLOYMENT_TARGET = 15.0;
				MTL_ENABLE_DEBUG_INFO = INCLUDE_SOURCE;
				MTL_FAST_MATH = YES;
				ONLY_ACTIVE_ARCH = YES;
				SDKROOT = iphoneos;
				SWIFT_ACTIVE_COMPILATION_CONDITIONS = DEBUG;
				SWIFT_OPTIMIZATION_LEVEL = "-Onone";
			};
			name = Debug;
		};
		A58FCB51273D88A700FD01EB /* Release */ = {
			isa = XCBuildConfiguration;
			buildSettings = {
				ALWAYS_SEARCH_USER_PATHS = NO;
				CLANG_ANALYZER_NONNULL = YES;
				CLANG_ANALYZER_NUMBER_OBJECT_CONVERSION = YES_AGGRESSIVE;
				CLANG_CXX_LANGUAGE_STANDARD = "gnu++17";
				CLANG_CXX_LIBRARY = "libc++";
				CLANG_ENABLE_MODULES = YES;
				CLANG_ENABLE_OBJC_ARC = YES;
				CLANG_ENABLE_OBJC_WEAK = YES;
				CLANG_WARN_BLOCK_CAPTURE_AUTORELEASING = YES;
				CLANG_WARN_BOOL_CONVERSION = YES;
				CLANG_WARN_COMMA = YES;
				CLANG_WARN_CONSTANT_CONVERSION = YES;
				CLANG_WARN_DEPRECATED_OBJC_IMPLEMENTATIONS = YES;
				CLANG_WARN_DIRECT_OBJC_ISA_USAGE = YES_ERROR;
				CLANG_WARN_DOCUMENTATION_COMMENTS = YES;
				CLANG_WARN_EMPTY_BODY = YES;
				CLANG_WARN_ENUM_CONVERSION = YES;
				CLANG_WARN_INFINITE_RECURSION = YES;
				CLANG_WARN_INT_CONVERSION = YES;
				CLANG_WARN_NON_LITERAL_NULL_CONVERSION = YES;
				CLANG_WARN_OBJC_IMPLICIT_RETAIN_SELF = YES;
				CLANG_WARN_OBJC_LITERAL_CONVERSION = YES;
				CLANG_WARN_OBJC_ROOT_CLASS = YES_ERROR;
				CLANG_WARN_QUOTED_INCLUDE_IN_FRAMEWORK_HEADER = YES;
				CLANG_WARN_RANGE_LOOP_ANALYSIS = YES;
				CLANG_WARN_STRICT_PROTOTYPES = YES;
				CLANG_WARN_SUSPICIOUS_MOVE = YES;
				CLANG_WARN_UNGUARDED_AVAILABILITY = YES_AGGRESSIVE;
				CLANG_WARN_UNREACHABLE_CODE = YES;
				CLANG_WARN__DUPLICATE_METHOD_MATCH = YES;
				COPY_PHASE_STRIP = NO;
				DEBUG_INFORMATION_FORMAT = "dwarf-with-dsym";
				ENABLE_NS_ASSERTIONS = NO;
				ENABLE_STRICT_OBJC_MSGSEND = YES;
				GCC_C_LANGUAGE_STANDARD = gnu11;
				GCC_NO_COMMON_BLOCKS = YES;
				GCC_WARN_64_TO_32_BIT_CONVERSION = YES;
				GCC_WARN_ABOUT_RETURN_TYPE = YES_ERROR;
				GCC_WARN_UNDECLARED_SELECTOR = YES;
				GCC_WARN_UNINITIALIZED_AUTOS = YES_AGGRESSIVE;
				GCC_WARN_UNUSED_FUNCTION = YES;
				GCC_WARN_UNUSED_VARIABLE = YES;
				IPHONEOS_DEPLOYMENT_TARGET = 15.0;
				MTL_ENABLE_DEBUG_INFO = NO;
				MTL_FAST_MATH = YES;
				SDKROOT = iphoneos;
				SWIFT_COMPILATION_MODE = wholemodule;
				SWIFT_OPTIMIZATION_LEVEL = "-O";
				VALIDATE_PRODUCT = YES;
			};
			name = Release;
		};
		A58FCB53273D88A700FD01EB /* Debug */ = {
			isa = XCBuildConfiguration;
			buildSettings = {
				ASSETCATALOG_COMPILER_APPICON_NAME = AppIcon;
				ASSETCATALOG_COMPILER_GLOBAL_ACCENT_COLOR_NAME = AccentColor;
				CODE_SIGN_STYLE = Automatic;
				CURRENT_PROJECT_VERSION = 1;
				DEVELOPMENT_ASSET_PATHS = "\"ContactListSwiftUI/Preview Content\"";
				DEVELOPMENT_TEAM = K242QA4C2Z;
				ENABLE_PREVIEWS = YES;
				GENERATE_INFOPLIST_FILE = YES;
				INFOPLIST_KEY_UIApplicationSceneManifest_Generation = YES;
				INFOPLIST_KEY_UIApplicationSupportsIndirectInputEvents = YES;
				INFOPLIST_KEY_UILaunchScreen_Generation = YES;
				INFOPLIST_KEY_UISupportedInterfaceOrientations_iPad = "UIInterfaceOrientationPortrait UIInterfaceOrientationPortraitUpsideDown UIInterfaceOrientationLandscapeLeft UIInterfaceOrientationLandscapeRight";
				INFOPLIST_KEY_UISupportedInterfaceOrientations_iPhone = "UIInterfaceOrientationPortrait UIInterfaceOrientationLandscapeLeft UIInterfaceOrientationLandscapeRight";
				IPHONEOS_DEPLOYMENT_TARGET = 15.0;
				LD_RUNPATH_SEARCH_PATHS = (
					"$(inherited)",
					"@executable_path/Frameworks",
				);
				MARKETING_VERSION = 1.0;
				PRODUCT_BUNDLE_IDENTIFIER = Maria.Karpukhina.ContactListSwiftUI;
				PRODUCT_NAME = "$(TARGET_NAME)";
				SWIFT_EMIT_LOC_STRINGS = YES;
				SWIFT_VERSION = 5.0;
				TARGETED_DEVICE_FAMILY = 1;
			};
			name = Debug;
		};
		A58FCB54273D88A700FD01EB /* Release */ = {
			isa = XCBuildConfiguration;
			buildSettings = {
				ASSETCATALOG_COMPILER_APPICON_NAME = AppIcon;
				ASSETCATALOG_COMPILER_GLOBAL_ACCENT_COLOR_NAME = AccentColor;
				CODE_SIGN_STYLE = Automatic;
				CURRENT_PROJECT_VERSION = 1;
				DEVELOPMENT_ASSET_PATHS = "\"ContactListSwiftUI/Preview Content\"";
				DEVELOPMENT_TEAM = K242QA4C2Z;
				ENABLE_PREVIEWS = YES;
				GENERATE_INFOPLIST_FILE = YES;
				INFOPLIST_KEY_UIApplicationSceneManifest_Generation = YES;
				INFOPLIST_KEY_UIApplicationSupportsIndirectInputEvents = YES;
				INFOPLIST_KEY_UILaunchScreen_Generation = YES;
				INFOPLIST_KEY_UISupportedInterfaceOrientations_iPad = "UIInterfaceOrientationPortrait UIInterfaceOrientationPortraitUpsideDown UIInterfaceOrientationLandscapeLeft UIInterfaceOrientationLandscapeRight";
				INFOPLIST_KEY_UISupportedInterfaceOrientations_iPhone = "UIInterfaceOrientationPortrait UIInterfaceOrientationLandscapeLeft UIInterfaceOrientationLandscapeRight";
				IPHONEOS_DEPLOYMENT_TARGET = 15.0;
				LD_RUNPATH_SEARCH_PATHS = (
					"$(inherited)",
					"@executable_path/Frameworks",
				);
				MARKETING_VERSION = 1.0;
				PRODUCT_BUNDLE_IDENTIFIER = Maria.Karpukhina.ContactListSwiftUI;
				PRODUCT_NAME = "$(TARGET_NAME)";
				SWIFT_EMIT_LOC_STRINGS = YES;
				SWIFT_VERSION = 5.0;
				TARGETED_DEVICE_FAMILY = 1;
			};
			name = Release;
		};
/* End XCBuildConfiguration section */

/* Begin XCConfigurationList section */
		A58FCB3F273D88A400FD01EB /* Build configuration list for PBXProject "ContactListSwiftUI" */ = {
			isa = XCConfigurationList;
			buildConfigurations = (
				A58FCB50273D88A700FD01EB /* Debug */,
				A58FCB51273D88A700FD01EB /* Release */,
			);
			defaultConfigurationIsVisible = 0;
			defaultConfigurationName = Release;
		};
		A58FCB52273D88A700FD01EB /* Build configuration list for PBXNativeTarget "ContactListSwiftUI" */ = {
			isa = XCConfigurationList;
			buildConfigurations = (
				A58FCB53273D88A700FD01EB /* Debug */,
				A58FCB54273D88A700FD01EB /* Release */,
			);
			defaultConfigurationIsVisible = 0;
			defaultConfigurationName = Release;
		};
/* End XCConfigurationList section */
	};
	rootObject = A58FCB3C273D88A400FD01EB /* Project object */;
}
